
Microsoft Visual Studio Solution File, Format Version 12.00
# Visual Studio Version 17
VisualStudioVersion = 17.3.32901.215
MinimumVisualStudioVersion = 10.0.40219.1
Project("{FAE04EC0-301F-11D3-BF4B-00C04F79EFBC}") = "MIDREM", "Midrem\MIDREM.csproj", "{C2649DD0-D3D4-47BE-9CAC-19CC2532765D}"
EndProject
Global
	GlobalSection(SolutionConfigurationPlatforms) = preSolution
		Debug|Any CPU = Debug|Any CPU
		Release|Any CPU = Release|Any CPU
	EndGlobalSection
	GlobalSection(ProjectConfigurationPlatforms) = postSolution
		{C2649DD0-D3D4-47BE-9CAC-19CC2532765D}.Debug|Any CPU.ActiveCfg = Debug|Any CPU
		{C2649DD0-D3D4-47BE-9CAC-19CC2532765D}.Debug|Any CPU.Build.0 = Debug|Any CPU
		{C2649DD0-D3D4-47BE-9CAC-19CC2532765D}.Release|Any CPU.ActiveCfg = Release|Any CPU
		{C2649DD0-D3D4-47BE-9CAC-19CC2532765D}.Release|Any CPU.Build.0 = Release|Any CPU
	EndGlobalSection
	GlobalSection(SolutionProperties) = preSolution
		HideSolutionNode = FALSE
	EndGlobalSection
	GlobalSection(ExtensibilityGlobals) = postSolution
		SolutionGuid = {3E7F2531-60CF-4405-BF39-5C93CC50F81D}
	EndGlobalSection
EndGlobal
